
Microsoft Visual Studio Solution File, Format Version 12.00
# Visual Studio Version 16
VisualStudioVersion = 16.0.30517.126
MinimumVisualStudioVersion = 15.0.26124.0
Project("{9A19103F-16F7-4668-BE54-9A1E7A4F7556}") = "UnitTests", "test\UnitTests\UnitTests.csproj", "{243B4F2A-E25A-4151-8AB2-5E89341B8E2A}"
EndProject
Project("{9A19103F-16F7-4668-BE54-9A1E7A4F7556}") = "Benchmarks", "Benchmarks\Benchmarks.csproj", "{EC12A7CF-26B8-4D08-A0A8-8527B78D8A65}"
EndProject
Project("{9A19103F-16F7-4668-BE54-9A1E7A4F7556}") = "Combinatorics", "src\Combinatorics\Combinatorics.csproj", "{0A6FE84B-697A-4C83-9083-D9A94F2A63BE}"
EndProject
Project("{2150E333-8FDC-42A3-9474-1A3956D46DE8}") = "_misc", "_misc", "{2C6D5001-6B68-4061-9376-1415D2CBADC2}"
	ProjectSection(SolutionItems) = preProject
		.gitignore = .gitignore
		LICENCE = LICENCE
		README.md = README.md
	EndProjectSection
EndProject
Project("{2150E333-8FDC-42A3-9474-1A3956D46DE8}") = ".github", ".github", "{6CC8DF54-815B-4B4A-A590-8834AD530683}"
	ProjectSection(SolutionItems) = preProject
		.github\workflows\build.yml = .github\workflows\build.yml
	EndProjectSection
EndProject
Global
	GlobalSection(SolutionConfigurationPlatforms) = preSolution
		Debug|Any CPU = Debug|Any CPU
		Debug|x64 = Debug|x64
		Debug|x86 = Debug|x86
		Release|Any CPU = Release|Any CPU
		Release|x64 = Release|x64
		Release|x86 = Release|x86
	EndGlobalSection
	GlobalSection(ProjectConfigurationPlatforms) = postSolution
		{243B4F2A-E25A-4151-8AB2-5E89341B8E2A}.Debug|Any CPU.ActiveCfg = Debug|Any CPU
		{243B4F2A-E25A-4151-8AB2-5E89341B8E2A}.Debug|Any CPU.Build.0 = Debug|Any CPU
		{243B4F2A-E25A-4151-8AB2-5E89341B8E2A}.Debug|x64.ActiveCfg = Debug|Any CPU
		{243B4F2A-E25A-4151-8AB2-5E89341B8E2A}.Debug|x64.Build.0 = Debug|Any CPU
		{243B4F2A-E25A-4151-8AB2-5E89341B8E2A}.Debug|x86.ActiveCfg = Debug|Any CPU
		{243B4F2A-E25A-4151-8AB2-5E89341B8E2A}.Debug|x86.Build.0 = Debug|Any CPU
		{243B4F2A-E25A-4151-8AB2-5E89341B8E2A}.Release|Any CPU.ActiveCfg = Release|Any CPU
		{243B4F2A-E25A-4151-8AB2-5E89341B8E2A}.Release|Any CPU.Build.0 = Release|Any CPU
		{243B4F2A-E25A-4151-8AB2-5E89341B8E2A}.Release|x64.ActiveCfg = Release|Any CPU
		{243B4F2A-E25A-4151-8AB2-5E89341B8E2A}.Release|x64.Build.0 = Release|Any CPU
		{243B4F2A-E25A-4151-8AB2-5E89341B8E2A}.Release|x86.ActiveCfg = Release|Any CPU
		{243B4F2A-E25A-4151-8AB2-5E89341B8E2A}.Release|x86.Build.0 = Release|Any CPU
		{EC12A7CF-26B8-4D08-A0A8-8527B78D8A65}.Debug|Any CPU.ActiveCfg = Debug|Any CPU
		{EC12A7CF-26B8-4D08-A0A8-8527B78D8A65}.Debug|Any CPU.Build.0 = Debug|Any CPU
		{EC12A7CF-26B8-4D08-A0A8-8527B78D8A65}.Debug|x64.ActiveCfg = Debug|Any CPU
		{EC12A7CF-26B8-4D08-A0A8-8527B78D8A65}.Debug|x64.Build.0 = Debug|Any CPU
		{EC12A7CF-26B8-4D08-A0A8-8527B78D8A65}.Debug|x86.ActiveCfg = Debug|Any CPU
		{EC12A7CF-26B8-4D08-A0A8-8527B78D8A65}.Debug|x86.Build.0 = Debug|Any CPU
		{EC12A7CF-26B8-4D08-A0A8-8527B78D8A65}.Release|Any CPU.ActiveCfg = Release|Any CPU
		{EC12A7CF-26B8-4D08-A0A8-8527B78D8A65}.Release|Any CPU.Build.0 = Release|Any CPU
		{EC12A7CF-26B8-4D08-A0A8-8527B78D8A65}.Release|x64.ActiveCfg = Release|Any CPU
		{EC12A7CF-26B8-4D08-A0A8-8527B78D8A65}.Release|x64.Build.0 = Release|Any CPU
		{EC12A7CF-26B8-4D08-A0A8-8527B78D8A65}.Release|x86.ActiveCfg = Release|Any CPU
		{EC12A7CF-26B8-4D08-A0A8-8527B78D8A65}.Release|x86.Build.0 = Release|Any CPU
		{0A6FE84B-697A-4C83-9083-D9A94F2A63BE}.Debug|Any CPU.ActiveCfg = Debug|Any CPU
		{0A6FE84B-697A-4C83-9083-D9A94F2A63BE}.Debug|Any CPU.Build.0 = Debug|Any CPU
		{0A6FE84B-697A-4C83-9083-D9A94F2A63BE}.Debug|x64.ActiveCfg = Debug|Any CPU
		{0A6FE84B-697A-4C83-9083-D9A94F2A63BE}.Debug|x64.Build.0 = Debug|Any CPU
		{0A6FE84B-697A-4C83-9083-D9A94F2A63BE}.Debug|x86.ActiveCfg = Debug|Any CPU
		{0A6FE84B-697A-4C83-9083-D9A94F2A63BE}.Debug|x86.Build.0 = Debug|Any CPU
		{0A6FE84B-697A-4C83-9083-D9A94F2A63BE}.Release|Any CPU.ActiveCfg = Release|Any CPU
		{0A6FE84B-697A-4C83-9083-D9A94F2A63BE}.Release|Any CPU.Build.0 = Release|Any CPU
		{0A6FE84B-697A-4C83-9083-D9A94F2A63BE}.Release|x64.ActiveCfg = Release|Any CPU
		{0A6FE84B-697A-4C83-9083-D9A94F2A63BE}.Release|x64.Build.0 = Release|Any CPU
		{0A6FE84B-697A-4C83-9083-D9A94F2A63BE}.Release|x86.ActiveCfg = Release|Any CPU
		{0A6FE84B-697A-4C83-9083-D9A94F2A63BE}.Release|x86.Build.0 = Release|Any CPU
	EndGlobalSection
	GlobalSection(SolutionProperties) = preSolution
		HideSolutionNode = FALSE
	EndGlobalSection
	GlobalSection(NestedProjects) = preSolution
		{6CC8DF54-815B-4B4A-A590-8834AD530683} = {2C6D5001-6B68-4061-9376-1415D2CBADC2}
	EndGlobalSection
	GlobalSection(ExtensibilityGlobals) = postSolution
		SolutionGuid = {ADE7A58C-3553-4BAC-8014-60C27B0617FF}
	EndGlobalSection
EndGlobal
